{
  "name": "objects_like",
  "version": "1.0.0",
  "lockfileVersion": 1,
  "requires": true,
  "dependencies": {
    "waverunner": {
      "version": "1.0.0",
      "resolved": "https://registry.npmjs.org/waverunner/-/waverunner-1.0.0.tgz",
      "integrity": "sha512-+CHyX6IR28EvdN0oxFzstU3cdgKFnUQizenEwowM0+dI7iarw09z0RTw90u312f9TqwcyUbCaxq0F7ml0IfDmw=="
    }
  }
}
